{
  "object": {
    "pins": [
      {
        "package": "SwiftyGPIO",
        "repositoryURL": "https://github.com/uraimo/SwiftyGPIO.git",
        "state": {
          "branch": "next_release",
          "revision": "039941b53af4e8e3321650bc65aefe1f626d2251",
          "version": null
        }
      }
    ]
  },
  "version": 1
}
